// !$*UTF8*$!
{
	archiveVersion = 1;
	classes = {
	};
	objectVersion = 46;
	objects = {

/* Begin PBXBuildFile section */
		5837CB64BBD84729EA7E05F3 /* libPods-ProjectAnimation2.a in Frameworks */ = {isa = PBXBuildFile; fileRef = 970B153BAD09111F20CC4C5A /* libPods-ProjectAnimation2.a */; };
		9E9A08391F3F243B00BD43BB /* main.m in Sources */ = {isa = PBXBuildFile; fileRef = 9E9A08381F3F243B00BD43BB /* main.m */; };
		9E9A083C1F3F243B00BD43BB /* AppDelegate.m in Sources */ = {isa = PBXBuildFile; fileRef = 9E9A083B1F3F243B00BD43BB /* AppDelegate.m */; };
		9E9A083F1F3F243B00BD43BB /* ViewController.m in Sources */ = {isa = PBXBuildFile; fileRef = 9E9A083E1F3F243B00BD43BB /* ViewController.m */; };
		9E9A08421F3F243B00BD43BB /* Main.storyboard in Resources */ = {isa = PBXBuildFile; fileRef = 9E9A08401F3F243B00BD43BB /* Main.storyboard */; };
		9E9A08451F3F243B00BD43BB /* ProjectAnimation2.xcdatamodeld in Sources */ = {isa = PBXBuildFile; fileRef = 9E9A08431F3F243B00BD43BB /* ProjectAnimation2.xcdatamodeld */; };
		9E9A08471F3F243B00BD43BB /* Assets.xcassets in Resources */ = {isa = PBXBuildFile; fileRef = 9E9A08461F3F243B00BD43BB /* Assets.xcassets */; };
		9E9A084A1F3F243B00BD43BB /* LaunchScreen.storyboard in Resources */ = {isa = PBXBuildFile; fileRef = 9E9A08481F3F243B00BD43BB /* LaunchScreen.storyboard */; };
		9E9A08521F3F25A200BD43BB /* MyView.xib in Resources */ = {isa = PBXBuildFile; fileRef = 9E9A08511F3F25A200BD43BB /* MyView.xib */; };
		9E9A08551F3F26B500BD43BB /* MyView.m in Sources */ = {isa = PBXBuildFile; fileRef = 9E9A08541F3F26B500BD43BB /* MyView.m */; };
/* End PBXBuildFile section */

/* Begin PBXFileReference section */
		769A304082BAABDCDFBA6883 /* Pods-ProjectAnimation2.debug.xcconfig */ = {isa = PBXFileReference; includeInIndex = 1; lastKnownFileType = text.xcconfig; name = "Pods-ProjectAnimation2.debug.xcconfig"; path = "Pods/Target Support Files/Pods-ProjectAnimation2/Pods-ProjectAnimation2.debug.xcconfig"; sourceTree = "<group>"; };
		970B153BAD09111F20CC4C5A /* libPods-ProjectAnimation2.a */ = {isa = PBXFileReference; explicitFileType = archive.ar; includeInIndex = 0; path = "libPods-ProjectAnimation2.a"; sourceTree = BUILT_PRODUCTS_DIR; };
		9E9A08341F3F243B00BD43BB /* ProjectAnimation2.app */ = {isa = PBXFileReference; explicitFileType = wrapper.application; includeInIndex = 0; path = ProjectAnimation2.app; sourceTree = BUILT_PRODUCTS_DIR; };
		9E9A08381F3F243B00BD43BB /* main.m */ = {isa = PBXFileReference; lastKnownFileType = sourcecode.c.objc; path = main.m; sourceTree = "<group>"; };
		9E9A083A1F3F243B00BD43BB /* AppDelegate.h */ = {isa = PBXFileReference; lastKnownFileType = sourcecode.c.h; path = AppDelegate.h; sourceTree = "<group>"; };
		9E9A083B1F3F243B00BD43BB /* AppDelegate.m */ = {isa = PBXFileReference; lastKnownFileType = sourcecode.c.objc; path = AppDelegate.m; sourceTree = "<group>"; };
		9E9A083D1F3F243B00BD43BB /* ViewController.h */ = {isa = PBXFileReference; lastKnownFileType = sourcecode.c.h; path = ViewController.h; sourceTree = "<group>"; };
		9E9A083E1F3F243B00BD43BB /* ViewController.m */ = {isa = PBXFileReference; lastKnownFileType = sourcecode.c.objc; path = ViewController.m; sourceTree = "<group>"; };
		9E9A08411F3F243B00BD43BB /* Base */ = {isa = PBXFileReference; lastKnownFileType = file.storyboard; name = Base; path = Base.lproj/Main.storyboard; sourceTree = "<group>"; };
		9E9A08441F3F243B00BD43BB /* ProjectAnimation2.xcdatamodel */ = {isa = PBXFileReference; lastKnownFileType = wrapper.xcdatamodel; path = ProjectAnimation2.xcdatamodel; sourceTree = "<group>"; };
		9E9A08461F3F243B00BD43BB /* Assets.xcassets */ = {isa = PBXFileReference; lastKnownFileType = folder.assetcatalog; path = Assets.xcassets; sourceTree = "<group>"; };
		9E9A08491F3F243B00BD43BB /* Base */ = {isa = PBXFileReference; lastKnownFileType = file.storyboard; name = Base; path = Base.lproj/LaunchScreen.storyboard; sourceTree = "<group>"; };
		9E9A084B1F3F243B00BD43BB /* Info.plist */ = {isa = PBXFileReference; lastKnownFileType = text.plist.xml; path = Info.plist; sourceTree = "<group>"; };
		9E9A08511F3F25A200BD43BB /* MyView.xib */ = {isa = PBXFileReference; fileEncoding = 4; lastKnownFileType = file.xib; path = MyView.xib; sourceTree = "<group>"; };
		9E9A08531F3F26B500BD43BB /* MyView.h */ = {isa = PBXFileReference; fileEncoding = 4; lastKnownFileType = sourcecode.c.h; path = MyView.h; sourceTree = "<group>"; };
		9E9A08541F3F26B500BD43BB /* MyView.m */ = {isa = PBXFileReference; fileEncoding = 4; lastKnownFileType = sourcecode.c.objc; path = MyView.m; sourceTree = "<group>"; };
		D90C0BBD4DF15AC9E8BE201E /* Pods-ProjectAnimation2.release.xcconfig */ = {isa = PBXFileReference; includeInIndex = 1; lastKnownFileType = text.xcconfig; name = "Pods-ProjectAnimation2.release.xcconfig"; path = "Pods/Target Support Files/Pods-ProjectAnimation2/Pods-ProjectAnimation2.release.xcconfig"; sourceTree = "<group>"; };
/* End PBXFileReference section */

/* Begin PBXFrameworksBuildPhase section */
		9E9A08311F3F243B00BD43BB /* Frameworks */ = {
			isa = PBXFrameworksBuildPhase;
			buildActionMask = 2147483647;
			files = (
				5837CB64BBD84729EA7E05F3 /* libPods-ProjectAnimation2.a in Frameworks */,
			);
			runOnlyForDeploymentPostprocessing = 0;
		};
/* End PBXFrameworksBuildPhase section */

/* Begin PBXGroup section */
		86CE3D068CA616BC01CFAFC7 /* Frameworks */ = {
			isa = PBXGroup;
			children = (
				970B153BAD09111F20CC4C5A /* libPods-ProjectAnimation2.a */,
			);
			name = Frameworks;
			sourceTree = "<group>";
		};
		9E9A082B1F3F243B00BD43BB = {
			isa = PBXGroup;
			children = (
				9E9A08361F3F243B00BD43BB /* ProjectAnimation2 */,
				9E9A08351F3F243B00BD43BB /* Products */,
				D17CED8D65F0177697C47E8D /* Pods */,
				86CE3D068CA616BC01CFAFC7 /* Frameworks */,
			);
			sourceTree = "<group>";
		};
		9E9A08351F3F243B00BD43BB /* Products */ = {
			isa = PBXGroup;
			children = (
				9E9A08341F3F243B00BD43BB /* ProjectAnimation2.app */,
			);
			name = Products;
			sourceTree = "<group>";
		};
		9E9A08361F3F243B00BD43BB /* ProjectAnimation2 */ = {
			isa = PBXGroup;
			children = (
				9E9A083A1F3F243B00BD43BB /* AppDelegate.h */,
				9E9A083B1F3F243B00BD43BB /* AppDelegate.m */,
				9E9A083D1F3F243B00BD43BB /* ViewController.h */,
				9E9A083E1F3F243B00BD43BB /* ViewController.m */,
				9E9A08401F3F243B00BD43BB /* Main.storyboard */,
				9E9A08461F3F243B00BD43BB /* Assets.xcassets */,
				9E9A08481F3F243B00BD43BB /* LaunchScreen.storyboard */,
				9E9A084B1F3F243B00BD43BB /* Info.plist */,
				9E9A08431F3F243B00BD43BB /* ProjectAnimation2.xcdatamodeld */,
				9E9A08371F3F243B00BD43BB /* Supporting Files */,
				9E9A08511F3F25A200BD43BB /* MyView.xib */,
				9E9A08531F3F26B500BD43BB /* MyView.h */,
				9E9A08541F3F26B500BD43BB /* MyView.m */,
			);
			path = ProjectAnimation2;
			sourceTree = "<group>";
		};
		9E9A08371F3F243B00BD43BB /* Supporting Files */ = {
			isa = PBXGroup;
			children = (
				9E9A08381F3F243B00BD43BB /* main.m */,
			);
			name = "Supporting Files";
			sourceTree = "<group>";
		};
		D17CED8D65F0177697C47E8D /* Pods */ = {
			isa = PBXGroup;
			children = (
				769A304082BAABDCDFBA6883 /* Pods-ProjectAnimation2.debug.xcconfig */,
				D90C0BBD4DF15AC9E8BE201E /* Pods-ProjectAnimation2.release.xcconfig */,
			);
			name = Pods;
			sourceTree = "<group>";
		};
/* End PBXGroup section */

/* Begin PBXNativeTarget section */
		9E9A08331F3F243B00BD43BB /* ProjectAnimation2 */ = {
			isa = PBXNativeTarget;
			buildConfigurationList = 9E9A084E1F3F243B00BD43BB /* Build configuration list for PBXNativeTarget "ProjectAnimation2" */;
			buildPhases = (
				9282545E80119AB340C503B9 /* [CP] Check Pods Manifest.lock */,
				9E9A08301F3F243B00BD43BB /* Sources */,
				9E9A08311F3F243B00BD43BB /* Frameworks */,
				9E9A08321F3F243B00BD43BB /* Resources */,
				543E1BE4AC11BA78D8E130E7 /* [CP] Embed Pods Frameworks */,
				175B52B72F016C4074FF486D /* [CP] Copy Pods Resources */,
			);
			buildRules = (
			);
			dependencies = (
			);
			name = ProjectAnimation2;
			productName = ProjectAnimation2;
			productReference = 9E9A08341F3F243B00BD43BB /* ProjectAnimation2.app */;
			productType = "com.apple.product-type.application";
		};
/* End PBXNativeTarget section */

/* Begin PBXProject section */
		9E9A082C1F3F243B00BD43BB /* Project object */ = {
			isa = PBXProject;
			attributes = {
				LastUpgradeCheck = 0830;
				ORGANIZATIONNAME = Roadmaps;
				TargetAttributes = {
					9E9A08331F3F243B00BD43BB = {
						CreatedOnToolsVersion = 8.3.2;
						DevelopmentTeam = 8BRMRY3GUS;
						ProvisioningStyle = Automatic;
					};
				};
			};
			buildConfigurationList = 9E9A082F1F3F243B00BD43BB /* Build configuration list for PBXProject "ProjectAnimation2" */;
			compatibilityVersion = "Xcode 3.2";
			developmentRegion = English;
			hasScannedForEncodings = 0;
			knownRegions = (
				en,
				Base,
			);
			mainGroup = 9E9A082B1F3F243B00BD43BB;
			productRefGroup = 9E9A08351F3F243B00BD43BB /* Products */;
			projectDirPath = "";
			projectRoot = "";
			targets = (
				9E9A08331F3F243B00BD43BB /* ProjectAnimation2 */,
			);
		};
/* End PBXProject section */

/* Begin PBXResourcesBuildPhase section */
		9E9A08321F3F243B00BD43BB /* Resources */ = {
			isa = PBXResourcesBuildPhase;
			buildActionMask = 2147483647;
			files = (
				9E9A08521F3F25A200BD43BB /* MyView.xib in Resources */,
				9E9A084A1F3F243B00BD43BB /* LaunchScreen.storyboard in Resources */,
				9E9A08471F3F243B00BD43BB /* Assets.xcassets in Resources */,
				9E9A08421F3F243B00BD43BB /* Main.storyboard in Resources */,
			);
			runOnlyForDeploymentPostprocessing = 0;
		};
/* End PBXResourcesBuildPhase section */

/* Begin PBXShellScriptBuildPhase section */
		175B52B72F016C4074FF486D /* [CP] Copy Pods Resources */ = {
			isa = PBXShellScriptBuildPhase;
			buildActionMask = 2147483647;
			files = (
			);
			inputPaths = (
				"${SRCROOT}/Pods/Target Support Files/Pods-ProjectAnimation2/Pods-ProjectAnimation2-resources.sh",
				"${PODS_ROOT}/SVProgressHUD/SVProgressHUD/SVProgressHUD.bundle",
			);
			name = "[CP] Copy Pods Resources";
			outputPaths = (
				"${TARGET_BUILD_DIR}/${UNLOCALIZED_RESOURCES_FOLDER_PATH}",
			);
			runOnlyForDeploymentPostprocessing = 0;
			shellPath = /bin/sh;
			shellScript = "\"${SRCROOT}/Pods/Target Support Files/Pods-ProjectAnimation2/Pods-ProjectAnimation2-resources.sh\"\n";
			showEnvVarsInLog = 0;
		};
		543E1BE4AC11BA78D8E130E7 /* [CP] Embed Pods Frameworks */ = {
			isa = PBXShellScriptBuildPhase;
			buildActionMask = 2147483647;
			files = (
			);
			inputPaths = (
			);
			name = "[CP] Embed Pods Frameworks";
			outputPaths = (
			);
			runOnlyForDeploymentPostprocessing = 0;
			shellPath = /bin/sh;
			shellScript = "\"${SRCROOT}/Pods/Target Support Files/Pods-ProjectAnimation2/Pods-ProjectAnimation2-frameworks.sh\"\n";
			showEnvVarsInLog = 0;
		};
		9282545E80119AB340C503B9 /* [CP] Check Pods Manifest.lock */ = {
			isa = PBXShellScriptBuildPhase;
			buildActionMask = 2147483647;
			files = (
			);
			inputPaths = (
				"${PODS_PODFILE_DIR_PATH}/Podfile.lock",
				"${PODS_ROOT}/Manifest.lock",
			);
			name = "[CP] Check Pods Manifest.lock";
			outputPaths = (
				"$(DERIVED_FILE_DIR)/Pods-ProjectAnimation2-checkManifestLockResult.txt",
			);
			runOnlyForDeploymentPostprocessing = 0;
			shellPath = /bin/sh;
			shellScript = "diff \"${PODS_PODFILE_DIR_PATH}/Podfile.lock\" \"${PODS_ROOT}/Manifest.lock\" > /dev/null\nif [ $? != 0 ] ; then\n    # print error to STDERR\n    echo \"error: The sandbox is not in sync with the Podfile.lock. Run 'pod install' or update your CocoaPods installation.\" >&2\n    exit 1\nfi\n# This output is used by Xcode 'outputs' to avoid re-running this script phase.\necho \"SUCCESS\" > \"${SCRIPT_OUTPUT_FILE_0}\"\n";
			showEnvVarsInLog = 0;
		};
/* End PBXShellScriptBuildPhase section */

/* Begin PBXSourcesBuildPhase section */
		9E9A08301F3F243B00BD43BB /* Sources */ = {
			isa = PBXSourcesBuildPhase;
			buildActionMask = 2147483647;
			files = (
				9E9A083F1F3F243B00BD43BB /* ViewController.m in Sources */,
				9E9A083C1F3F243B00BD43BB /* AppDelegate.m in Sources */,
				9E9A08391F3F243B00BD43BB /* main.m in Sources */,
				9E9A08451F3F243B00BD43BB /* ProjectAnimation2.xcdatamodeld in Sources */,
				9E9A08551F3F26B500BD43BB /* MyView.m in Sources */,
			);
			runOnlyForDeploymentPostprocessing = 0;
		};
/* End PBXSourcesBuildPhase section */

/* Begin PBXVariantGroup section */
		9E9A08401F3F243B00BD43BB /* Main.storyboard */ = {
			isa = PBXVariantGroup;
			children = (
				9E9A08411F3F243B00BD43BB /* Base */,
			);
			name = Main.storyboard;
			sourceTree = "<group>";
		};
		9E9A08481F3F243B00BD43BB /* LaunchScreen.storyboard */ = {
			isa = PBXVariantGroup;
			children = (
				9E9A08491F3F243B00BD43BB /* Base */,
			);
			name = LaunchScreen.storyboard;
			sourceTree = "<group>";
		};
/* End PBXVariantGroup section */

/* Begin XCBuildConfiguration section */
		9E9A084C1F3F243B00BD43BB /* Debug */ = {
			isa = XCBuildConfiguration;
			buildSettings = {
				ALWAYS_SEARCH_USER_PATHS = NO;
				CLANG_ANALYZER_NONNULL = YES;
				CLANG_ANALYZER_NUMBER_OBJECT_CONVERSION = YES_AGGRESSIVE;
				CLANG_CXX_LANGUAGE_STANDARD = "gnu++0x";
				CLANG_CXX_LIBRARY = "libc++";
				CLANG_ENABLE_MODULES = YES;
				CLANG_ENABLE_OBJC_ARC = YES;
				CLANG_WARN_BOOL_CONVERSION = YES;
				CLANG_WARN_CONSTANT_CONVERSION = YES;
				CLANG_WARN_DIRECT_OBJC_ISA_USAGE = YES_ERROR;
				CLANG_WARN_DOCUMENTATION_COMMENTS = YES;
				CLANG_WARN_EMPTY_BODY = YES;
				CLANG_WARN_ENUM_CONVERSION = YES;
				CLANG_WARN_INFINITE_RECURSION = YES;
				CLANG_WARN_INT_CONVERSION = YES;
				CLANG_WARN_OBJC_ROOT_CLASS = YES_ERROR;
				CLANG_WARN_SUSPICIOUS_MOVE = YES;
				CLANG_WARN_UNREACHABLE_CODE = YES;
				CLANG_WARN__DUPLICATE_METHOD_MATCH = YES;
				"CODE_SIGN_IDENTITY[sdk=iphoneos*]" = "iPhone Developer";
				COPY_PHASE_STRIP = NO;
				DEBUG_INFORMATION_FORMAT = dwarf;
				ENABLE_STRICT_OBJC_MSGSEND = YES;
				ENABLE_TESTABILITY = YES;
				GCC_C_LANGUAGE_STANDARD = gnu99;
				GCC_DYNAMIC_NO_PIC = NO;
				GCC_NO_COMMON_BLOCKS = YES;
				GCC_OPTIMIZATION_LEVEL = 0;
				GCC_PREPROCESSOR_DEFINITIONS = (
					"DEBUG=1",
					"$(inherited)",
				);
				GCC_WARN_64_TO_32_BIT_CONVERSION = YES;
				GCC_WARN_ABOUT_RETURN_TYPE = YES_ERROR;
				GCC_WARN_UNDECLARED_SELECTOR = YES;
				GCC_WARN_UNINITIALIZED_AUTOS = YES_AGGRESSIVE;
				GCC_WARN_UNUSED_FUNCTION = YES;
				GCC_WARN_UNUSED_VARIABLE = YES;
				IPHONEOS_DEPLOYMENT_TARGET = 10.3;
				MTL_ENABLE_DEBUG_INFO = YES;
				ONLY_ACTIVE_ARCH = YES;
				SDKROOT = iphoneos;
			};
			name = Debug;
		};
		9E9A084D1F3F243B00BD43BB /* Release */ = {
			isa = XCBuildConfiguration;
			buildSettings = {
				ALWAYS_SEARCH_USER_PATHS = NO;
				CLANG_ANALYZER_NONNULL = YES;
				CLANG_ANALYZER_NUMBER_OBJECT_CONVERSION = YES_AGGRESSIVE;
				CLANG_CXX_LANGUAGE_STANDARD = "gnu++0x";
				CLANG_CXX_LIBRARY = "libc++";
				CLANG_ENABLE_MODULES = YES;
				CLANG_ENABLE_OBJC_ARC = YES;
				CLANG_WARN_BOOL_CONVERSION = YES;
				CLANG_WARN_CONSTANT_CONVERSION = YES;
				CLANG_WARN_DIRECT_OBJC_ISA_USAGE = YES_ERROR;
				CLANG_WARN_DOCUMENTATION_COMMENTS = YES;
				CLANG_WARN_EMPTY_BODY = YES;
				CLANG_WARN_ENUM_CONVERSION = YES;
				CLANG_WARN_INFINITE_RECURSION = YES;
				CLANG_WARN_INT_CONVERSION = YES;
				CLANG_WARN_OBJC_ROOT_CLASS = YES_ERROR;
				CLANG_WARN_SUSPICIOUS_MOVE = YES;
				CLANG_WARN_UNREACHABLE_CODE = YES;
				CLANG_WARN__DUPLICATE_METHOD_MATCH = YES;
				"CODE_SIGN_IDENTITY[sdk=iphoneos*]" = "iPhone Developer";
				COPY_PHASE_STRIP = NO;
				DEBUG_INFORMATION_FORMAT = "dwarf-with-dsym";
				ENABLE_NS_ASSERTIONS = NO;
				ENABLE_STRICT_OBJC_MSGSEND = YES;
				GCC_C_LANGUAGE_STANDARD = gnu99;
				GCC_NO_COMMON_BLOCKS = YES;
				GCC_WARN_64_TO_32_BIT_CONVERSION = YES;
				GCC_WARN_ABOUT_RETURN_TYPE = YES_ERROR;
				GCC_WARN_UNDECLARED_SELECTOR = YES;
				GCC_WARN_UNINITIALIZED_AUTOS = YES_AGGRESSIVE;
				GCC_WARN_UNUSED_FUNCTION = YES;
				GCC_WARN_UNUSED_VARIABLE = YES;
				IPHONEOS_DEPLOYMENT_TARGET = 10.3;
				MTL_ENABLE_DEBUG_INFO = NO;
				SDKROOT = iphoneos;
				VALIDATE_PRODUCT = YES;
			};
			name = Release;
		};
		9E9A084F1F3F243B00BD43BB /* Debug */ = {
			isa = XCBuildConfiguration;
			baseConfigurationReference = 769A304082BAABDCDFBA6883 /* Pods-ProjectAnimation2.debug.xcconfig */;
			buildSettings = {
				ASSETCATALOG_COMPILER_APPICON_NAME = AppIcon;
				DEVELOPMENT_TEAM = 8BRMRY3GUS;
				INFOPLIST_FILE = ProjectAnimation2/Info.plist;
				LD_RUNPATH_SEARCH_PATHS = "$(inherited) @executable_path/Frameworks";
				PRODUCT_BUNDLE_IDENTIFIER = br.com.Roadmaps.ProjectAnimation2;
				PRODUCT_NAME = "$(TARGET_NAME)";
			};
			name = Debug;
		};
		9E9A08501F3F243B00BD43BB /* Release */ = {
			isa = XCBuildConfiguration;
			baseConfigurationReference = D90C0BBD4DF15AC9E8BE201E /* Pods-ProjectAnimation2.release.xcconfig */;
			buildSettings = {
				ASSETCATALOG_COMPILER_APPICON_NAME = AppIcon;
				DEVELOPMENT_TEAM = 8BRMRY3GUS;
				INFOPLIST_FILE = ProjectAnimation2/Info.plist;
				LD_RUNPATH_SEARCH_PATHS = "$(inherited) @executable_path/Frameworks";
				PRODUCT_BUNDLE_IDENTIFIER = br.com.Roadmaps.ProjectAnimation2;
				PRODUCT_NAME = "$(TARGET_NAME)";
			};
			name = Release;
		};
/* End XCBuildConfiguration section */

/* Begin XCConfigurationList section */
		9E9A082F1F3F243B00BD43BB /* Build configuration list for PBXProject "ProjectAnimation2" */ = {
			isa = XCConfigurationList;
			buildConfigurations = (
				9E9A084C1F3F243B00BD43BB /* Debug */,
				9E9A084D1F3F243B00BD43BB /* Release */,
			);
			defaultConfigurationIsVisible = 0;
			defaultConfigurationName = Release;
		};
		9E9A084E1F3F243B00BD43BB /* Build configuration list for PBXNativeTarget "ProjectAnimation2" */ = {
			isa = XCConfigurationList;
			buildConfigurations = (
				9E9A084F1F3F243B00BD43BB /* Debug */,
				9E9A08501F3F243B00BD43BB /* Release */,
			);
			defaultConfigurationIsVisible = 0;
		};
/* End XCConfigurationList section */

/* Begin XCVersionGroup section */
		9E9A08431F3F243B00BD43BB /* ProjectAnimation2.xcdatamodeld */ = {
			isa = XCVersionGroup;
			children = (
				9E9A08441F3F243B00BD43BB /* ProjectAnimation2.xcdatamodel */,
			);
			currentVersion = 9E9A08441F3F243B00BD43BB /* ProjectAnimation2.xcdatamodel */;
			path = ProjectAnimation2.xcdatamodeld;
			sourceTree = "<group>";
			versionGroupType = wrapper.xcdatamodel;
		};
/* End XCVersionGroup section */
	};
	rootObject = 9E9A082C1F3F243B00BD43BB /* Project object */;
}
